
Microsoft Visual Studio Solution File, Format Version 12.00
# Visual Studio Version 17
VisualStudioVersion = 17.0.31919.166
MinimumVisualStudioVersion = 10.0.40219.1
Project("{FAE04EC0-301F-11D3-BF4B-00C04F79EFBC}") = "WpfLesson-5", "WpfLesson-5\WpfLesson-5.csproj", "{123AA777-280F-4DB6-8B33-CE4FD8034764}"
EndProject
Global
	GlobalSection(SolutionConfigurationPlatforms) = preSolution
		Debug|Any CPU = Debug|Any CPU
		Release|Any CPU = Release|Any CPU
	EndGlobalSection
	GlobalSection(ProjectConfigurationPlatforms) = postSolution
		{123AA777-280F-4DB6-8B33-CE4FD8034764}.Debug|Any CPU.ActiveCfg = Debug|Any CPU
		{123AA777-280F-4DB6-8B33-CE4FD8034764}.Debug|Any CPU.Build.0 = Debug|Any CPU
		{123AA777-280F-4DB6-8B33-CE4FD8034764}.Release|Any CPU.ActiveCfg = Release|Any CPU
		{123AA777-280F-4DB6-8B33-CE4FD8034764}.Release|Any CPU.Build.0 = Release|Any CPU
	EndGlobalSection
	GlobalSection(SolutionProperties) = preSolution
		HideSolutionNode = FALSE
	EndGlobalSection
	GlobalSection(ExtensibilityGlobals) = postSolution
		SolutionGuid = {47D90D7A-4E16-48E5-B4F6-FBEF85BEE1D7}
	EndGlobalSection
EndGlobal
